
Microsoft Visual Studio Solution File, Format Version 12.00
# Visual Studio Version 17
VisualStudioVersion = 17.5.33414.496
MinimumVisualStudioVersion = 10.0.40219.1
Project("{9A19103F-16F7-4668-BE54-9A1E7A4F7556}") = "Session2Part1Homework", "Session2Part1Homework.csproj", "{C84C31ED-5EDF-4148-B9A2-EFC531C65670}"
EndProject
Global
	GlobalSection(SolutionConfigurationPlatforms) = preSolution
		Debug|Any CPU = Debug|Any CPU
		Release|Any CPU = Release|Any CPU
	EndGlobalSection
	GlobalSection(ProjectConfigurationPlatforms) = postSolution
		{C84C31ED-5EDF-4148-B9A2-EFC531C65670}.Debug|Any CPU.ActiveCfg = Debug|Any CPU
		{C84C31ED-5EDF-4148-B9A2-EFC531C65670}.Debug|Any CPU.Build.0 = Debug|Any CPU
		{C84C31ED-5EDF-4148-B9A2-EFC531C65670}.Release|Any CPU.ActiveCfg = Release|Any CPU
		{C84C31ED-5EDF-4148-B9A2-EFC531C65670}.Release|Any CPU.Build.0 = Release|Any CPU
	EndGlobalSection
	GlobalSection(SolutionProperties) = preSolution
		HideSolutionNode = FALSE
	EndGlobalSection
	GlobalSection(ExtensibilityGlobals) = postSolution
		SolutionGuid = {B76FE45E-1A56-487A-8D9A-ACF017338B62}
	EndGlobalSection
EndGlobal
